
Microsoft Visual Studio Solution File, Format Version 12.00
# Visual Studio Version 16
VisualStudioVersion = 16.0.30907.101
MinimumVisualStudioVersion = 10.0.40219.1
Project("{FAE04EC0-301F-11D3-BF4B-00C04F79EFBC}") = "GameProject", "GameProject\GameProject.csproj", "{2113FA26-2F24-4456-BA01-77131725429E}"
EndProject
Global
	GlobalSection(SolutionConfigurationPlatforms) = preSolution
		Debug|Any CPU = Debug|Any CPU
		Release|Any CPU = Release|Any CPU
	EndGlobalSection
	GlobalSection(ProjectConfigurationPlatforms) = postSolution
		{2113FA26-2F24-4456-BA01-77131725429E}.Debug|Any CPU.ActiveCfg = Debug|Any CPU
		{2113FA26-2F24-4456-BA01-77131725429E}.Debug|Any CPU.Build.0 = Debug|Any CPU
		{2113FA26-2F24-4456-BA01-77131725429E}.Release|Any CPU.ActiveCfg = Release|Any CPU
		{2113FA26-2F24-4456-BA01-77131725429E}.Release|Any CPU.Build.0 = Release|Any CPU
	EndGlobalSection
	GlobalSection(SolutionProperties) = preSolution
		HideSolutionNode = FALSE
	EndGlobalSection
	GlobalSection(ExtensibilityGlobals) = postSolution
		SolutionGuid = {7875DF87-B7A9-4571-9510-BC4F0B31BC7D}
	EndGlobalSection
EndGlobal
